{"version":4,"terraform_version":"1.11.5","serial":2,"lineage":"75d07836-41a9-dac6-67e6-e4912f8f7922","outputs":{"drg_attachment_ids":{"value":{"gen":"ocid1.drgattachment.oc1.ap-singapore-1.aaaaaaaakjrb7xi7pabvqd7kvasvjazqrlenmnwjhtydytf5urwe5nyopq5a","internet":"ocid1.drgattachment.oc1.ap-singapore-1.aaaaaaaamvdj44j3jaahab7pg7tvvvqa3igxc4x4wseo4qvgiafyib5od52a","workload_x":"ocid1.drgattachment.oc1.ap-singapore-1.aaaaaaaan5cvcc6iosnhhhcx74johnduyfbhlqkk2ek2eyxdkbfhqgaqvcya"},"type":["object",{"gen":"string","internet":"string","workload_x":"string"}]},"drg_id":{"value":"ocid1.drg.oc1.ap-singapore-1.aaaaaaaavdfb5mum3sjzhnwtdgrwcwf64gbl3nvq6hryoa3a3rjkejy323wa","type":"string"},"subnet_ids":{"value":{"gen_interfacing":"ocid1.subnet.oc1.ap-singapore-1.aaaaaaaabel7ujnrgb3omzsfg26uve7blltxw4edaksrydn6hsey2uxzj4aq","gen_public":"ocid1.subnet.oc1.ap-singapore-1.aaaaaaaa3zpmhnyoyqc3f7wxb6qabrlvn2f4d4vyprwgtaajvz2j7hwtzviq","internet_interfacing":"ocid1.subnet.oc1.ap-singapore-1.aaaaaaaa4lvs54fl4djdqtkso6kgtaehamyzat3g5kngp3ua75bxdvjm3waq","internet_public":"ocid1.subnet.oc1.ap-singapore-1.aaaaaaaat76txfd3uhepwtyyggcggmp6ounjua2dyg2f6u4265qoboexkcbq","workload_x_interfacing":"ocid1.subnet.oc1.ap-singapore-1.aaaaaaaa2dy2tkatulyhnouszfhzojajfkxfor5d5zpysot5cceytzg3cn3q","workload_x_web":"ocid1.subnet.oc1.ap-singapore-1.aaaaaaaakhis6gix7tjmaofrog33dmuhqe63e2otqd7ndxth7igqhr6hnfpa"},"type":["object",{"gen_interfacing":"string","gen_public":"string","internet_interfacing":"string","internet_public":"string","workload_x_interfacing":"string","workload_x_web":"string"}]},"vcn_ids":{"value":{"gen":"ocid1.vcn.oc1.ap-singapore-1.amaaaaaabtwqiiqa2cucogpib5orvgjt5ltckeycnfk4srpyvcnlqt5jjqoq","internet":"ocid1.vcn.oc1.ap-singapore-1.amaaaaaabtwqiiqax4dt2tz3ronugnxkhbtwnr5bvijuioo5f54ft2vbvrvq","workload_x":"ocid1.vcn.oc1.ap-singapore-1.amaaaaaabtwqiiqabsu7sn5ljew7ab5j5dtffd4snrqobkaa5pkiuftge4ha"},"type":["object",{"gen":"string","internet":"string","workload_x":"string"}]}},"resources":[{"mode":"managed","type":"oci_core_drg","name":"main","provider":"provider[\"registry.opentofu.org/oracle/oci\"]","instances":[{"schema_version":0,"attributes":{"compartment_id":"ocid1.compartment.oc1..aaaaaaaawtz5rnohfxwdtcgwfy3yfhfdiuqk2l52qjjv3rjnzqvfdfiewilq","default_drg_route_tables":[{"ipsec_tunnel":"ocid1.drgroutetable.oc1.ap-singapore-1.aaaaaaaailhbhs77pamjhfnqtiy5baf5pbrn4iwxlgjnn23rq5so3m3dz7ia","remote_peering_connection":"ocid1.drgroutetable.oc1.ap-singapore-1.aaaaaaaailhbhs77pamjhfnqtiy5baf5pbrn4iwxlgjnn23rq5so3m3dz7ia","vcn":"ocid1.drgroutetable.oc1.ap-singapore-1.aaaaaaaaggruo76hvbbxofikktrnjquzmectcpyn6glmsammousaz34eag4q","virtual_circuit":"ocid1.drgroutetable.oc1.ap-singapore-1.aaaaaaaailhbhs77pamjhfnqtiy5baf5pbrn4iwxlgjnn23rq5so3m3dz7ia"}],"default_export_drg_route_distribution_id":"ocid1.drgroutedistribution.oc1.ap-singapore-1.aaaaaaaavvzw7emn7owoa6omobwkm5f2olceczeuonrxyselkivuqkohrdpq","defined_tags":{"Oracle-Tags.CreatedBy":"default/roarior_jeremysoo@hotmail.com","Oracle-Tags.CreatedOn":"2026-03-23T08:58:07.104Z"},"display_name":"main-drg","freeform_tags":{},"id":"ocid1.drg.oc1.ap-singapore-1.aaaaaaaavdfb5mum3sjzhnwtdgrwcwf64gbl3nvq6hryoa3a3rjkejy323wa","redundancy_status":"NOT_AVAILABLE","state":"AVAILABLE","time_created":"2026-03-23 08:58:07.123 +0000 UTC","timeouts":null},"sensitive_attributes":[],"private":"eyJlMmJmYjczMC1lY2FhLTExZTYtOGY4OC0zNDM2M2JjN2M0YzAiOnsiY3JlYXRlIjoxMjAwMDAwMDAwMDAwLCJkZWxldGUiOjEyMDAwMDAwMDAwMDAsInVwZGF0ZSI6MTIwMDAwMDAwMDAwMH19"}]},{"mode":"managed","type":"oci_core_drg_attachment","name":"gen","provider":"provider[\"registry.opentofu.org/oracle/oci\"]","instances":[{"schema_version":0,"attributes":{"compartment_id":"ocid1.compartment.oc1..aaaaaaaawtz5rnohfxwdtcgwfy3yfhfdiuqk2l52qjjv3rjnzqvfdfiewilq","defined_tags":{},"display_name":"gen-attachment","drg_id":"ocid1.drg.oc1.ap-singapore-1.aaaaaaaavdfb5mum3sjzhnwtdgrwcwf64gbl3nvq6hryoa3a3rjkejy323wa","drg_route_table_id":"ocid1.drgroutetable.oc1.ap-singapore-1.aaaaaaaaggruo76hvbbxofikktrnjquzmectcpyn6glmsammousaz34eag4q","export_drg_route_distribution_id":null,"freeform_tags":{},"id":"ocid1.drgattachment.oc1.ap-singapore-1.aaaaaaaakjrb7xi7pabvqd7kvasvjazqrlenmnwjhtydytf5urwe5nyopq5a","is_cross_tenancy":false,"network_details":[{"id":"ocid1.vcn.oc1.ap-singapore-1.amaaaaaabtwqiiqa2cucogpib5orvgjt5ltckeycnfk4srpyvcnlqt5jjqoq","ids":[],"ipsec_connection_id":"","route_table_id":"","transport_attachment_id":"","transport_only_mode":false,"type":"VCN","vcn_route_type":"SUBNET_CIDRS"}],"remove_export_drg_route_distribution_trigger":null,"route_table_id":null,"state":"ATTACHED","time_created":"2026-03-23 08:58:21.389 +0000 UTC","timeouts":null,"vcn_id":"ocid1.vcn.oc1.ap-singapore-1.amaaaaaabtwqiiqa2cucogpib5orvgjt5ltckeycnfk4srpyvcnlqt5jjqoq"},"sensitive_attributes":[],"private":"eyJlMmJmYjczMC1lY2FhLTExZTYtOGY4OC0zNDM2M2JjN2M0YzAiOnsiY3JlYXRlIjoxMjAwMDAwMDAwMDAwLCJkZWxldGUiOjEyMDAwMDAwMDAwMDAsInVwZGF0ZSI6MTIwMDAwMDAwMDAwMH19","dependencies":["oci_core_drg.main","oci_core_vcn.gen"]}]},{"mode":"managed","type":"oci_core_drg_attachment","name":"internet","provider":"provider[\"registry.opentofu.org/oracle/oci\"]","instances":[{"schema_version":0,"attributes":{"compartment_id":"ocid1.compartment.oc1..aaaaaaaawtz5rnohfxwdtcgwfy3yfhfdiuqk2l52qjjv3rjnzqvfdfiewilq","defined_tags":{},"display_name":"internet-attachment","drg_id":"ocid1.drg.oc1.ap-singapore-1.aaaaaaaavdfb5mum3sjzhnwtdgrwcwf64gbl3nvq6hryoa3a3rjkejy323wa","drg_route_table_id":"ocid1.drgroutetable.oc1.ap-singapore-1.aaaaaaaaggruo76hvbbxofikktrnjquzmectcpyn6glmsammousaz34eag4q","export_drg_route_distribution_id":null,"freeform_tags":{},"id":"ocid1.drgattachment.oc1.ap-singapore-1.aaaaaaaamvdj44j3jaahab7pg7tvvvqa3igxc4x4wseo4qvgiafyib5od52a","is_cross_tenancy":false,"network_details":[{"id":"ocid1.vcn.oc1.ap-singapore-1.amaaaaaabtwqiiqax4dt2tz3ronugnxkhbtwnr5bvijuioo5f54ft2vbvrvq","ids":[],"ipsec_connection_id":"","route_table_id":"","transport_attachment_id":"","transport_only_mode":false,"type":"VCN","vcn_route_type":"SUBNET_CIDRS"}],"remove_export_drg_route_distribution_trigger":null,"route_table_id":null,"state":"ATTACHED","time_created":"2026-03-23 08:58:21.423 +0000 UTC","timeouts":null,"vcn_id":"ocid1.vcn.oc1.ap-singapore-1.amaaaaaabtwqiiqax4dt2tz3ronugnxkhbtwnr5bvijuioo5f54ft2vbvrvq"},"sensitive_attributes":[],"private":"eyJlMmJmYjczMC1lY2FhLTExZTYtOGY4OC0zNDM2M2JjN2M0YzAiOnsiY3JlYXRlIjoxMjAwMDAwMDAwMDAwLCJkZWxldGUiOjEyMDAwMDAwMDAwMDAsInVwZGF0ZSI6MTIwMDAwMDAwMDAwMH19","dependencies":["oci_core_drg.main","oci_core_vcn.internet"]}]},{"mode":"managed","type":"oci_core_drg_attachment","name":"workload_x","provider":"provider[\"registry.opentofu.org/oracle/oci\"]","instances":[{"schema_version":0,"attributes":{"compartment_id":"ocid1.compartment.oc1..aaaaaaaawtz5rnohfxwdtcgwfy3yfhfdiuqk2l52qjjv3rjnzqvfdfiewilq","defined_tags":{},"display_name":"workload-x-attachment","drg_id":"ocid1.drg.oc1.ap-singapore-1.aaaaaaaavdfb5mum3sjzhnwtdgrwcwf64gbl3nvq6hryoa3a3rjkejy323wa","drg_route_table_id":"ocid1.drgroutetable.oc1.ap-singapore-1.aaaaaaaaggruo76hvbbxofikktrnjquzmectcpyn6glmsammousaz34eag4q","export_drg_route_distribution_id":null,"freeform_tags":{},"id":"ocid1.drgattachment.oc1.ap-singapore-1.aaaaaaaan5cvcc6iosnhhhcx74johnduyfbhlqkk2ek2eyxdkbfhqgaqvcya","is_cross_tenancy":false,"network_details":[{"id":"ocid1.vcn.oc1.ap-singapore-1.amaaaaaabtwqiiqabsu7sn5ljew7ab5j5dtffd4snrqobkaa5pkiuftge4ha","ids":[],"ipsec_connection_id":"","route_table_id":"","transport_attachment_id":"","transport_only_mode":false,"type":"VCN","vcn_route_type":"SUBNET_CIDRS"}],"remove_export_drg_route_distribution_trigger":null,"route_table_id":null,"state":"ATTACHED","time_created":"2026-03-23 08:58:21.334 +0000 UTC","timeouts":null,"vcn_id":"ocid1.vcn.oc1.ap-singapore-1.amaaaaaabtwqiiqabsu7sn5ljew7ab5j5dtffd4snrqobkaa5pkiuftge4ha"},"sensitive_attributes":[],"private":"eyJlMmJmYjczMC1lY2FhLTExZTYtOGY4OC0zNDM2M2JjN2M0YzAiOnsiY3JlYXRlIjoxMjAwMDAwMDAwMDAwLCJkZWxldGUiOjEyMDAwMDAwMDAwMDAsInVwZGF0ZSI6MTIwMDAwMDAwMDAwMH19","dependencies":["oci_core_drg.main","oci_core_vcn.workload_x"]}]},{"mode":"managed","type":"oci_core_subnet","name":"gen_interfacing","provider":"provider[\"registry.opentofu.org/oracle/oci\"]","instances":[{"schema_version":0,"attributes":{"availability_domain":null,"cidr_block":"10.1.2.0/24","compartment_id":"ocid1.compartment.oc1..aaaaaaaawtz5rnohfxwdtcgwfy3yfhfdiuqk2l52qjjv3rjnzqvfdfiewilq","defined_tags":{"Oracle-Tags.CreatedBy":"default/roarior_jeremysoo@hotmail.com","Oracle-Tags.CreatedOn":"2026-03-23T08:58:07.816Z"},"dhcp_options_id":"ocid1.dhcpoptions.oc1.ap-singapore-1.aaaaaaaaq2rksr5hl2deg5mcdnbgontyxlsfoe4nfsdxmdq5erz7u5vij4hq","display_name":"gen-interfacing","dns_label":null,"freeform_tags":{},"id":"ocid1.subnet.oc1.ap-singapore-1.aaaaaaaabel7ujnrgb3omzsfg26uve7blltxw4edaksrydn6hsey2uxzj4aq","ipv6cidr_block":null,"ipv6cidr_blocks":[],"ipv6virtual_router_ip":null,"prohibit_internet_ingress":false,"prohibit_public_ip_on_vnic":false,"route_table_id":"ocid1.routetable.oc1.ap-singapore-1.aaaaaaaay37jff6v4bavx7icjbzlluxn7qet5hvd37kv6ykl4pokfqd7hzza","security_list_ids":["ocid1.securitylist.oc1.ap-singapore-1.aaaaaaaalmfhzn5fwqitw36w64wxfzonqci5ttcwidmvhun34p3xc6pgntkq"],"state":"AVAILABLE","subnet_domain_name":null,"time_created":"2026-03-23 08:58:08.046 +0000 UTC","timeouts":null,"vcn_id":"ocid1.vcn.oc1.ap-singapore-1.amaaaaaabtwqiiqa2cucogpib5orvgjt5ltckeycnfk4srpyvcnlqt5jjqoq","virtual_router_ip":"10.1.2.1","virtual_router_mac":"00:00:17:B5:B5:22"},"sensitive_attributes":[],"private":"eyJlMmJmYjczMC1lY2FhLTExZTYtOGY4OC0zNDM2M2JjN2M0YzAiOnsiY3JlYXRlIjoxMjAwMDAwMDAwMDAwLCJkZWxldGUiOjEyMDAwMDAwMDAwMDAsInVwZGF0ZSI6MTIwMDAwMDAwMDAwMH19","dependencies":["oci_core_vcn.gen"]}]},{"mode":"managed","type":"oci_core_subnet","name":"gen_public","provider":"provider[\"registry.opentofu.org/oracle/oci\"]","instances":[{"schema_version":0,"attributes":{"availability_domain":null,"cidr_block":"10.1.1.0/24","compartment_id":"ocid1.compartment.oc1..aaaaaaaawtz5rnohfxwdtcgwfy3yfhfdiuqk2l52qjjv3rjnzqvfdfiewilq","defined_tags":{"Oracle-Tags.CreatedBy":"default/roarior_jeremysoo@hotmail.com","Oracle-Tags.CreatedOn":"2026-03-23T08:58:07.805Z"},"dhcp_options_id":"ocid1.dhcpoptions.oc1.ap-singapore-1.aaaaaaaaq2rksr5hl2deg5mcdnbgontyxlsfoe4nfsdxmdq5erz7u5vij4hq","display_name":"gen-public","dns_label":null,"freeform_tags":{},"id":"ocid1.subnet.oc1.ap-singapore-1.aaaaaaaa3zpmhnyoyqc3f7wxb6qabrlvn2f4d4vyprwgtaajvz2j7hwtzviq","ipv6cidr_block":null,"ipv6cidr_blocks":[],"ipv6virtual_router_ip":null,"prohibit_internet_ingress":false,"prohibit_public_ip_on_vnic":false,"route_table_id":"ocid1.routetable.oc1.ap-singapore-1.aaaaaaaay37jff6v4bavx7icjbzlluxn7qet5hvd37kv6ykl4pokfqd7hzza","security_list_ids":["ocid1.securitylist.oc1.ap-singapore-1.aaaaaaaalmfhzn5fwqitw36w64wxfzonqci5ttcwidmvhun34p3xc6pgntkq"],"state":"AVAILABLE","subnet_domain_name":null,"time_created":"2026-03-23 08:58:07.832 +0000 UTC","timeouts":null,"vcn_id":"ocid1.vcn.oc1.ap-singapore-1.amaaaaaabtwqiiqa2cucogpib5orvgjt5ltckeycnfk4srpyvcnlqt5jjqoq","virtual_router_ip":"10.1.1.1","virtual_router_mac":"00:00:17:B5:B5:22"},"sensitive_attributes":[],"private":"eyJlMmJmYjczMC1lY2FhLTExZTYtOGY4OC0zNDM2M2JjN2M0YzAiOnsiY3JlYXRlIjoxMjAwMDAwMDAwMDAwLCJkZWxldGUiOjEyMDAwMDAwMDAwMDAsInVwZGF0ZSI6MTIwMDAwMDAwMDAwMH19","dependencies":["oci_core_vcn.gen"]}]},{"mode":"managed","type":"oci_core_subnet","name":"internet_interfacing","provider":"provider[\"registry.opentofu.org/oracle/oci\"]","instances":[{"schema_version":0,"attributes":{"availability_domain":null,"cidr_block":"10.0.2.0/24","compartment_id":"ocid1.compartment.oc1..aaaaaaaawtz5rnohfxwdtcgwfy3yfhfdiuqk2l52qjjv3rjnzqvfdfiewilq","defined_tags":{"Oracle-Tags.CreatedBy":"default/roarior_jeremysoo@hotmail.com","Oracle-Tags.CreatedOn":"2026-03-23T08:58:07.875Z"},"dhcp_options_id":"ocid1.dhcpoptions.oc1.ap-singapore-1.aaaaaaaa73pijigemn5pgnwurcgaqpfwmztipvdbsxdgzqsygs37mscbktla","display_name":"internet-interfacing","dns_label":null,"freeform_tags":{},"id":"ocid1.subnet.oc1.ap-singapore-1.aaaaaaaa4lvs54fl4djdqtkso6kgtaehamyzat3g5kngp3ua75bxdvjm3waq","ipv6cidr_block":null,"ipv6cidr_blocks":[],"ipv6virtual_router_ip":null,"prohibit_internet_ingress":false,"prohibit_public_ip_on_vnic":false,"route_table_id":"ocid1.routetable.oc1.ap-singapore-1.aaaaaaaadlxypjiiifw64anez7tkcij5bfw6wsksaaktvgdhqbkzbgp6smfq","security_list_ids":["ocid1.securitylist.oc1.ap-singapore-1.aaaaaaaapcjongmxcugucznqbtacnl3c2fmxuqkdie7xeshm7wu3ge66yk6a"],"state":"AVAILABLE","subnet_domain_name":null,"time_created":"2026-03-23 08:58:07.928 +0000 UTC","timeouts":null,"vcn_id":"ocid1.vcn.oc1.ap-singapore-1.amaaaaaabtwqiiqax4dt2tz3ronugnxkhbtwnr5bvijuioo5f54ft2vbvrvq","virtual_router_ip":"10.0.2.1","virtual_router_mac":"00:00:17:FC:DC:51"},"sensitive_attributes":[],"private":"eyJlMmJmYjczMC1lY2FhLTExZTYtOGY4OC0zNDM2M2JjN2M0YzAiOnsiY3JlYXRlIjoxMjAwMDAwMDAwMDAwLCJkZWxldGUiOjEyMDAwMDAwMDAwMDAsInVwZGF0ZSI6MTIwMDAwMDAwMDAwMH19","dependencies":["oci_core_vcn.internet"]}]},{"mode":"managed","type":"oci_core_subnet","name":"internet_public","provider":"provider[\"registry.opentofu.org/oracle/oci\"]","instances":[{"schema_version":0,"attributes":{"availability_domain":null,"cidr_block":"10.0.1.0/24","compartment_id":"ocid1.compartment.oc1..aaaaaaaawtz5rnohfxwdtcgwfy3yfhfdiuqk2l52qjjv3rjnzqvfdfiewilq","defined_tags":{"Oracle-Tags.CreatedBy":"default/roarior_jeremysoo@hotmail.com","Oracle-Tags.CreatedOn":"2026-03-23T08:58:07.897Z"},"dhcp_options_id":"ocid1.dhcpoptions.oc1.ap-singapore-1.aaaaaaaa73pijigemn5pgnwurcgaqpfwmztipvdbsxdgzqsygs37mscbktla","display_name":"internet-public","dns_label":null,"freeform_tags":{},"id":"ocid1.subnet.oc1.ap-singapore-1.aaaaaaaat76txfd3uhepwtyyggcggmp6ounjua2dyg2f6u4265qoboexkcbq","ipv6cidr_block":null,"ipv6cidr_blocks":[],"ipv6virtual_router_ip":null,"prohibit_internet_ingress":false,"prohibit_public_ip_on_vnic":false,"route_table_id":"ocid1.routetable.oc1.ap-singapore-1.aaaaaaaadlxypjiiifw64anez7tkcij5bfw6wsksaaktvgdhqbkzbgp6smfq","security_list_ids":["ocid1.securitylist.oc1.ap-singapore-1.aaaaaaaapcjongmxcugucznqbtacnl3c2fmxuqkdie7xeshm7wu3ge66yk6a"],"state":"AVAILABLE","subnet_domain_name":null,"time_created":"2026-03-23 08:58:08.178 +0000 UTC","timeouts":null,"vcn_id":"ocid1.vcn.oc1.ap-singapore-1.amaaaaaabtwqiiqax4dt2tz3ronugnxkhbtwnr5bvijuioo5f54ft2vbvrvq","virtual_router_ip":"10.0.1.1","virtual_router_mac":"00:00:17:FC:DC:51"},"sensitive_attributes":[],"private":"eyJlMmJmYjczMC1lY2FhLTExZTYtOGY4OC0zNDM2M2JjN2M0YzAiOnsiY3JlYXRlIjoxMjAwMDAwMDAwMDAwLCJkZWxldGUiOjEyMDAwMDAwMDAwMDAsInVwZGF0ZSI6MTIwMDAwMDAwMDAwMH19","dependencies":["oci_core_vcn.internet"]}]},{"mode":"managed","type":"oci_core_subnet","name":"workload_x_interfacing","provider":"provider[\"registry.opentofu.org/oracle/oci\"]","instances":[{"schema_version":0,"attributes":{"availability_domain":null,"cidr_block":"10.2.2.0/24","compartment_id":"ocid1.compartment.oc1..aaaaaaaawtz5rnohfxwdtcgwfy3yfhfdiuqk2l52qjjv3rjnzqvfdfiewilq","defined_tags":{"Oracle-Tags.CreatedBy":"default/roarior_jeremysoo@hotmail.com","Oracle-Tags.CreatedOn":"2026-03-23T08:58:07.510Z"},"dhcp_options_id":"ocid1.dhcpoptions.oc1.ap-singapore-1.aaaaaaaaqlavlxhioouoregmea6ve6dgqkvgbzrocypjce5dki6tou7woj7a","display_name":"workload-x-interfacing","dns_label":null,"freeform_tags":{},"id":"ocid1.subnet.oc1.ap-singapore-1.aaaaaaaa2dy2tkatulyhnouszfhzojajfkxfor5d5zpysot5cceytzg3cn3q","ipv6cidr_block":null,"ipv6cidr_blocks":[],"ipv6virtual_router_ip":null,"prohibit_internet_ingress":false,"prohibit_public_ip_on_vnic":false,"route_table_id":"ocid1.routetable.oc1.ap-singapore-1.aaaaaaaa6y5wvmsew6v7ydzqtanx2wg6anipkc5s3fbjadgskxhijrsovkcq","security_list_ids":["ocid1.securitylist.oc1.ap-singapore-1.aaaaaaaackst4bp25wcchesqb24d74jwgvz6k7zdvmydl5qybhoxemp3wm4a"],"state":"AVAILABLE","subnet_domain_name":null,"time_created":"2026-03-23 08:58:07.542 +0000 UTC","timeouts":null,"vcn_id":"ocid1.vcn.oc1.ap-singapore-1.amaaaaaabtwqiiqabsu7sn5ljew7ab5j5dtffd4snrqobkaa5pkiuftge4ha","virtual_router_ip":"10.2.2.1","virtual_router_mac":"00:00:17:57:97:E6"},"sensitive_attributes":[],"private":"eyJlMmJmYjczMC1lY2FhLTExZTYtOGY4OC0zNDM2M2JjN2M0YzAiOnsiY3JlYXRlIjoxMjAwMDAwMDAwMDAwLCJkZWxldGUiOjEyMDAwMDAwMDAwMDAsInVwZGF0ZSI6MTIwMDAwMDAwMDAwMH19","dependencies":["oci_core_vcn.workload_x"]}]},{"mode":"managed","type":"oci_core_subnet","name":"workload_x_web","provider":"provider[\"registry.opentofu.org/oracle/oci\"]","instances":[{"schema_version":0,"attributes":{"availability_domain":null,"cidr_block":"10.2.1.0/24","compartment_id":"ocid1.compartment.oc1..aaaaaaaawtz5rnohfxwdtcgwfy3yfhfdiuqk2l52qjjv3rjnzqvfdfiewilq","defined_tags":{"Oracle-Tags.CreatedBy":"default/roarior_jeremysoo@hotmail.com","Oracle-Tags.CreatedOn":"2026-03-23T08:58:07.523Z"},"dhcp_options_id":"ocid1.dhcpoptions.oc1.ap-singapore-1.aaaaaaaaqlavlxhioouoregmea6ve6dgqkvgbzrocypjce5dki6tou7woj7a","display_name":"workload-x-web","dns_label":null,"freeform_tags":{},"id":"ocid1.subnet.oc1.ap-singapore-1.aaaaaaaakhis6gix7tjmaofrog33dmuhqe63e2otqd7ndxth7igqhr6hnfpa","ipv6cidr_block":null,"ipv6cidr_blocks":[],"ipv6virtual_router_ip":null,"prohibit_internet_ingress":false,"prohibit_public_ip_on_vnic":false,"route_table_id":"ocid1.routetable.oc1.ap-singapore-1.aaaaaaaa6y5wvmsew6v7ydzqtanx2wg6anipkc5s3fbjadgskxhijrsovkcq","security_list_ids":["ocid1.securitylist.oc1.ap-singapore-1.aaaaaaaackst4bp25wcchesqb24d74jwgvz6k7zdvmydl5qybhoxemp3wm4a"],"state":"AVAILABLE","subnet_domain_name":null,"time_created":"2026-03-23 08:58:07.748 +0000 UTC","timeouts":null,"vcn_id":"ocid1.vcn.oc1.ap-singapore-1.amaaaaaabtwqiiqabsu7sn5ljew7ab5j5dtffd4snrqobkaa5pkiuftge4ha","virtual_router_ip":"10.2.1.1","virtual_router_mac":"00:00:17:57:97:E6"},"sensitive_attributes":[],"private":"eyJlMmJmYjczMC1lY2FhLTExZTYtOGY4OC0zNDM2M2JjN2M0YzAiOnsiY3JlYXRlIjoxMjAwMDAwMDAwMDAwLCJkZWxldGUiOjEyMDAwMDAwMDAwMDAsInVwZGF0ZSI6MTIwMDAwMDAwMDAwMH19","dependencies":["oci_core_vcn.workload_x"]}]},{"mode":"managed","type":"oci_core_vcn","name":"gen","provider":"provider[\"registry.opentofu.org/oracle/oci\"]","instances":[{"schema_version":0,"attributes":{"byoipv6cidr_blocks":[],"byoipv6cidr_details":null,"cidr_block":"10.1.0.0/16","cidr_blocks":["10.1.0.0/16"],"compartment_id":"ocid1.compartment.oc1..aaaaaaaawtz5rnohfxwdtcgwfy3yfhfdiuqk2l52qjjv3rjnzqvfdfiewilq","default_dhcp_options_id":"ocid1.dhcpoptions.oc1.ap-singapore-1.aaaaaaaaq2rksr5hl2deg5mcdnbgontyxlsfoe4nfsdxmdq5erz7u5vij4hq","default_route_table_id":"ocid1.routetable.oc1.ap-singapore-1.aaaaaaaay37jff6v4bavx7icjbzlluxn7qet5hvd37kv6ykl4pokfqd7hzza","default_security_list_id":"ocid1.securitylist.oc1.ap-singapore-1.aaaaaaaalmfhzn5fwqitw36w64wxfzonqci5ttcwidmvhun34p3xc6pgntkq","defined_tags":{"Oracle-Tags.CreatedBy":"default/roarior_jeremysoo@hotmail.com","Oracle-Tags.CreatedOn":"2026-03-23T08:58:07.099Z"},"display_name":"gen-vcn","dns_label":null,"freeform_tags":{},"id":"ocid1.vcn.oc1.ap-singapore-1.amaaaaaabtwqiiqa2cucogpib5orvgjt5ltckeycnfk4srpyvcnlqt5jjqoq","ipv6cidr_blocks":[],"ipv6private_cidr_blocks":[],"is_ipv6enabled":false,"is_oracle_gua_allocation_enabled":null,"state":"AVAILABLE","time_created":"2026-03-23 08:58:07.467 +0000 UTC","timeouts":null,"vcn_domain_name":null},"sensitive_attributes":[],"private":"eyJlMmJmYjczMC1lY2FhLTExZTYtOGY4OC0zNDM2M2JjN2M0YzAiOnsiY3JlYXRlIjoxMjAwMDAwMDAwMDAwLCJkZWxldGUiOjEyMDAwMDAwMDAwMDAsInVwZGF0ZSI6MTIwMDAwMDAwMDAwMH19"}]},{"mode":"managed","type":"oci_core_vcn","name":"internet","provider":"provider[\"registry.opentofu.org/oracle/oci\"]","instances":[{"schema_version":0,"attributes":{"byoipv6cidr_blocks":[],"byoipv6cidr_details":null,"cidr_block":"10.0.0.0/16","cidr_blocks":["10.0.0.0/16"],"compartment_id":"ocid1.compartment.oc1..aaaaaaaawtz5rnohfxwdtcgwfy3yfhfdiuqk2l52qjjv3rjnzqvfdfiewilq","default_dhcp_options_id":"ocid1.dhcpoptions.oc1.ap-singapore-1.aaaaaaaa73pijigemn5pgnwurcgaqpfwmztipvdbsxdgzqsygs37mscbktla","default_route_table_id":"ocid1.routetable.oc1.ap-singapore-1.aaaaaaaadlxypjiiifw64anez7tkcij5bfw6wsksaaktvgdhqbkzbgp6smfq","default_security_list_id":"ocid1.securitylist.oc1.ap-singapore-1.aaaaaaaapcjongmxcugucznqbtacnl3c2fmxuqkdie7xeshm7wu3ge66yk6a","defined_tags":{"Oracle-Tags.CreatedBy":"default/roarior_jeremysoo@hotmail.com","Oracle-Tags.CreatedOn":"2026-03-23T08:58:07.112Z"},"display_name":"internet-vcn","dns_label":null,"freeform_tags":{},"id":"ocid1.vcn.oc1.ap-singapore-1.amaaaaaabtwqiiqax4dt2tz3ronugnxkhbtwnr5bvijuioo5f54ft2vbvrvq","ipv6cidr_blocks":[],"ipv6private_cidr_blocks":[],"is_ipv6enabled":false,"is_oracle_gua_allocation_enabled":null,"state":"AVAILABLE","time_created":"2026-03-23 08:58:07.508 +0000 UTC","timeouts":null,"vcn_domain_name":null},"sensitive_attributes":[],"private":"eyJlMmJmYjczMC1lY2FhLTExZTYtOGY4OC0zNDM2M2JjN2M0YzAiOnsiY3JlYXRlIjoxMjAwMDAwMDAwMDAwLCJkZWxldGUiOjEyMDAwMDAwMDAwMDAsInVwZGF0ZSI6MTIwMDAwMDAwMDAwMH19"}]},{"mode":"managed","type":"oci_core_vcn","name":"workload_x","provider":"provider[\"registry.opentofu.org/oracle/oci\"]","instances":[{"schema_version":0,"attributes":{"byoipv6cidr_blocks":[],"byoipv6cidr_details":null,"cidr_block":"10.2.0.0/16","cidr_blocks":["10.2.0.0/16"],"compartment_id":"ocid1.compartment.oc1..aaaaaaaawtz5rnohfxwdtcgwfy3yfhfdiuqk2l52qjjv3rjnzqvfdfiewilq","default_dhcp_options_id":"ocid1.dhcpoptions.oc1.ap-singapore-1.aaaaaaaaqlavlxhioouoregmea6ve6dgqkvgbzrocypjce5dki6tou7woj7a","default_route_table_id":"ocid1.routetable.oc1.ap-singapore-1.aaaaaaaa6y5wvmsew6v7ydzqtanx2wg6anipkc5s3fbjadgskxhijrsovkcq","default_security_list_id":"ocid1.securitylist.oc1.ap-singapore-1.aaaaaaaackst4bp25wcchesqb24d74jwgvz6k7zdvmydl5qybhoxemp3wm4a","defined_tags":{"Oracle-Tags.CreatedBy":"default/roarior_jeremysoo@hotmail.com","Oracle-Tags.CreatedOn":"2026-03-23T08:58:07.098Z"},"display_name":"workload-x-vcn","dns_label":null,"freeform_tags":{},"id":"ocid1.vcn.oc1.ap-singapore-1.amaaaaaabtwqiiqabsu7sn5ljew7ab5j5dtffd4snrqobkaa5pkiuftge4ha","ipv6cidr_blocks":[],"ipv6private_cidr_blocks":[],"is_ipv6enabled":false,"is_oracle_gua_allocation_enabled":null,"state":"AVAILABLE","time_created":"2026-03-23 08:58:07.153 +0000 UTC","timeouts":null,"vcn_domain_name":null},"sensitive_attributes":[],"private":"eyJlMmJmYjczMC1lY2FhLTExZTYtOGY4OC0zNDM2M2JjN2M0YzAiOnsiY3JlYXRlIjoxMjAwMDAwMDAwMDAwLCJkZWxldGUiOjEyMDAwMDAwMDAwMDAsInVwZGF0ZSI6MTIwMDAwMDAwMDAwMH19"}]}],"check_results":null}
