{"version":4,"terraform_version":"1.11.5","serial":3,"lineage":"cd07d872-2c5b-48ed-e26e-70a41982256d","outputs":{"drg_attachment_ids":{"value":{"gen":"ocid1.drgattachment.oc1.ap-singapore-1.aaaaaaaaazonsbq3nzimcgbh3gfpyuh75h2ihrgyt3ia324cx3ri6lgvanra","internet":"ocid1.drgattachment.oc1.ap-singapore-1.aaaaaaaag56awkvzjjxd3pt346aqit7j3paktga63bswfopydclm7yddy46q","workload_x":"ocid1.drgattachment.oc1.ap-singapore-1.aaaaaaaa2n553pzseav7px44u2gaurmxyrmovbijjnxhotscb3djse46ja7q"},"type":["object",{"gen":"string","internet":"string","workload_x":"string"}]},"drg_id":{"value":"ocid1.drg.oc1.ap-singapore-1.aaaaaaaawuktb2tlrobgpuzxslpmzfnwcmdqcotwdq5zuhmsf2wlslqe2fua","type":"string"},"subnet_ids":{"value":{"gen_interfacing":"ocid1.subnet.oc1.ap-singapore-1.aaaaaaaakzmxjdae7vpuf3usojnma2yidojwc654727oxhow7uvbyzau6jsq","gen_public":"ocid1.subnet.oc1.ap-singapore-1.aaaaaaaaufds4eq7s62biimw4eticalso5zpkfsaipfaxds7niwb75agmu5a","internet_interfacing":"ocid1.subnet.oc1.ap-singapore-1.aaaaaaaa5r4yamkrg6n5pgvdu2dhtcgblk4hcqk55wgttkmcafyn6ytuusfa","internet_public":"ocid1.subnet.oc1.ap-singapore-1.aaaaaaaasmb2vtjgozl7hi7mzpef4u4s7y4dngrsartitesmej6add6zznta","workload_x_interfacing":"ocid1.subnet.oc1.ap-singapore-1.aaaaaaaahnjistzau4j3hckso3crhrbelujvsi3no6yojnufsvfyqlcykdpa","workload_x_web":"ocid1.subnet.oc1.ap-singapore-1.aaaaaaaaa7fgdbe5ogapa4i32v6wnso6lefptbfrag3ixj7wo5enmg6www2q"},"type":["object",{"gen_interfacing":"string","gen_public":"string","internet_interfacing":"string","internet_public":"string","workload_x_interfacing":"string","workload_x_web":"string"}]},"vcn_ids":{"value":{"gen":"ocid1.vcn.oc1.ap-singapore-1.amaaaaaabtwqiiqaea3gqmy3e4quhyzngteqlbh32h4yicxi5tvydzbkkz3a","internet":"ocid1.vcn.oc1.ap-singapore-1.amaaaaaabtwqiiqanhdna5zs5tg7lwuxwrodmlu2iecee7zquhlz4eelmfca","workload_x":"ocid1.vcn.oc1.ap-singapore-1.amaaaaaabtwqiiqaoqq2tqabymlponu6v3euwzlvqml5x7gve5ijyfbk4kpq"},"type":["object",{"gen":"string","internet":"string","workload_x":"string"}]}},"resources":[{"mode":"managed","type":"oci_core_drg","name":"main","provider":"provider[\"registry.opentofu.org/oracle/oci\"]","instances":[{"schema_version":0,"attributes":{"compartment_id":"ocid1.compartment.oc1..aaaaaaaawtz5rnohfxwdtcgwfy3yfhfdiuqk2l52qjjv3rjnzqvfdfiewilq","default_drg_route_tables":[{"ipsec_tunnel":"ocid1.drgroutetable.oc1.ap-singapore-1.aaaaaaaa6d5qj3o4nvl7gvlgx35jnad4udvoyqbt3lchxiicqohigwhsnnxq","remote_peering_connection":"ocid1.drgroutetable.oc1.ap-singapore-1.aaaaaaaa6d5qj3o4nvl7gvlgx35jnad4udvoyqbt3lchxiicqohigwhsnnxq","vcn":"ocid1.drgroutetable.oc1.ap-singapore-1.aaaaaaaazsjysoxdxr4vsn2i4mp7nm2e3c7aw7xooucgo5hoj6hic7c7tt7a","virtual_circuit":"ocid1.drgroutetable.oc1.ap-singapore-1.aaaaaaaa6d5qj3o4nvl7gvlgx35jnad4udvoyqbt3lchxiicqohigwhsnnxq"}],"default_export_drg_route_distribution_id":"ocid1.drgroutedistribution.oc1.ap-singapore-1.aaaaaaaa6hgowgdrzbqzvtnhxntqycqbss5lkh75yflpeicc4soz4kpatoxq","defined_tags":{"Oracle-Tags.CreatedBy":"default/roarior_jeremysoo@hotmail.com","Oracle-Tags.CreatedOn":"2026-03-23T11:02:16.000Z"},"display_name":"main-drg","freeform_tags":{},"id":"ocid1.drg.oc1.ap-singapore-1.aaaaaaaawuktb2tlrobgpuzxslpmzfnwcmdqcotwdq5zuhmsf2wlslqe2fua","redundancy_status":"NOT_AVAILABLE","state":"AVAILABLE","time_created":"2026-03-23 11:02:16.015 +0000 UTC","timeouts":null},"sensitive_attributes":[],"private":"eyJlMmJmYjczMC1lY2FhLTExZTYtOGY4OC0zNDM2M2JjN2M0YzAiOnsiY3JlYXRlIjoxMjAwMDAwMDAwMDAwLCJkZWxldGUiOjEyMDAwMDAwMDAwMDAsInVwZGF0ZSI6MTIwMDAwMDAwMDAwMH19"}]},{"mode":"managed","type":"oci_core_drg_attachment","name":"gen","provider":"provider[\"registry.opentofu.org/oracle/oci\"]","instances":[{"schema_version":0,"attributes":{"compartment_id":"ocid1.compartment.oc1..aaaaaaaawtz5rnohfxwdtcgwfy3yfhfdiuqk2l52qjjv3rjnzqvfdfiewilq","defined_tags":{},"display_name":"gen-attachment","drg_id":"ocid1.drg.oc1.ap-singapore-1.aaaaaaaawuktb2tlrobgpuzxslpmzfnwcmdqcotwdq5zuhmsf2wlslqe2fua","drg_route_table_id":"ocid1.drgroutetable.oc1.ap-singapore-1.aaaaaaaazsjysoxdxr4vsn2i4mp7nm2e3c7aw7xooucgo5hoj6hic7c7tt7a","export_drg_route_distribution_id":null,"freeform_tags":{},"id":"ocid1.drgattachment.oc1.ap-singapore-1.aaaaaaaaazonsbq3nzimcgbh3gfpyuh75h2ihrgyt3ia324cx3ri6lgvanra","is_cross_tenancy":false,"network_details":[{"id":"ocid1.vcn.oc1.ap-singapore-1.amaaaaaabtwqiiqaea3gqmy3e4quhyzngteqlbh32h4yicxi5tvydzbkkz3a","ids":[],"ipsec_connection_id":"","route_table_id":"","transport_attachment_id":"","transport_only_mode":false,"type":"VCN","vcn_route_type":"SUBNET_CIDRS"}],"remove_export_drg_route_distribution_trigger":null,"route_table_id":null,"state":"ATTACHED","time_created":"2026-03-23 11:02:30.363 +0000 UTC","timeouts":null,"vcn_id":"ocid1.vcn.oc1.ap-singapore-1.amaaaaaabtwqiiqaea3gqmy3e4quhyzngteqlbh32h4yicxi5tvydzbkkz3a"},"sensitive_attributes":[],"private":"eyJlMmJmYjczMC1lY2FhLTExZTYtOGY4OC0zNDM2M2JjN2M0YzAiOnsiY3JlYXRlIjoxMjAwMDAwMDAwMDAwLCJkZWxldGUiOjEyMDAwMDAwMDAwMDAsInVwZGF0ZSI6MTIwMDAwMDAwMDAwMH19","dependencies":["oci_core_drg.main","oci_core_vcn.gen"]}]},{"mode":"managed","type":"oci_core_drg_attachment","name":"internet","provider":"provider[\"registry.opentofu.org/oracle/oci\"]","instances":[{"schema_version":0,"attributes":{"compartment_id":"ocid1.compartment.oc1..aaaaaaaawtz5rnohfxwdtcgwfy3yfhfdiuqk2l52qjjv3rjnzqvfdfiewilq","defined_tags":{},"display_name":"internet-attachment","drg_id":"ocid1.drg.oc1.ap-singapore-1.aaaaaaaawuktb2tlrobgpuzxslpmzfnwcmdqcotwdq5zuhmsf2wlslqe2fua","drg_route_table_id":"ocid1.drgroutetable.oc1.ap-singapore-1.aaaaaaaazsjysoxdxr4vsn2i4mp7nm2e3c7aw7xooucgo5hoj6hic7c7tt7a","export_drg_route_distribution_id":null,"freeform_tags":{},"id":"ocid1.drgattachment.oc1.ap-singapore-1.aaaaaaaag56awkvzjjxd3pt346aqit7j3paktga63bswfopydclm7yddy46q","is_cross_tenancy":false,"network_details":[{"id":"ocid1.vcn.oc1.ap-singapore-1.amaaaaaabtwqiiqanhdna5zs5tg7lwuxwrodmlu2iecee7zquhlz4eelmfca","ids":[],"ipsec_connection_id":"","route_table_id":"","transport_attachment_id":"","transport_only_mode":false,"type":"VCN","vcn_route_type":"SUBNET_CIDRS"}],"remove_export_drg_route_distribution_trigger":null,"route_table_id":null,"state":"ATTACHED","time_created":"2026-03-23 11:02:30.307 +0000 UTC","timeouts":null,"vcn_id":"ocid1.vcn.oc1.ap-singapore-1.amaaaaaabtwqiiqanhdna5zs5tg7lwuxwrodmlu2iecee7zquhlz4eelmfca"},"sensitive_attributes":[],"private":"eyJlMmJmYjczMC1lY2FhLTExZTYtOGY4OC0zNDM2M2JjN2M0YzAiOnsiY3JlYXRlIjoxMjAwMDAwMDAwMDAwLCJkZWxldGUiOjEyMDAwMDAwMDAwMDAsInVwZGF0ZSI6MTIwMDAwMDAwMDAwMH19","dependencies":["oci_core_drg.main","oci_core_vcn.internet"]}]},{"mode":"managed","type":"oci_core_drg_attachment","name":"workload_x","provider":"provider[\"registry.opentofu.org/oracle/oci\"]","instances":[{"schema_version":0,"attributes":{"compartment_id":"ocid1.compartment.oc1..aaaaaaaawtz5rnohfxwdtcgwfy3yfhfdiuqk2l52qjjv3rjnzqvfdfiewilq","defined_tags":{},"display_name":"workload-x-attachment","drg_id":"ocid1.drg.oc1.ap-singapore-1.aaaaaaaawuktb2tlrobgpuzxslpmzfnwcmdqcotwdq5zuhmsf2wlslqe2fua","drg_route_table_id":"ocid1.drgroutetable.oc1.ap-singapore-1.aaaaaaaazsjysoxdxr4vsn2i4mp7nm2e3c7aw7xooucgo5hoj6hic7c7tt7a","export_drg_route_distribution_id":null,"freeform_tags":{},"id":"ocid1.drgattachment.oc1.ap-singapore-1.aaaaaaaa2n553pzseav7px44u2gaurmxyrmovbijjnxhotscb3djse46ja7q","is_cross_tenancy":false,"network_details":[{"id":"ocid1.vcn.oc1.ap-singapore-1.amaaaaaabtwqiiqaoqq2tqabymlponu6v3euwzlvqml5x7gve5ijyfbk4kpq","ids":[],"ipsec_connection_id":"","route_table_id":"","transport_attachment_id":"","transport_only_mode":false,"type":"VCN","vcn_route_type":"SUBNET_CIDRS"}],"remove_export_drg_route_distribution_trigger":null,"route_table_id":null,"state":"ATTACHED","time_created":"2026-03-23 11:02:30.365 +0000 UTC","timeouts":null,"vcn_id":"ocid1.vcn.oc1.ap-singapore-1.amaaaaaabtwqiiqaoqq2tqabymlponu6v3euwzlvqml5x7gve5ijyfbk4kpq"},"sensitive_attributes":[],"private":"eyJlMmJmYjczMC1lY2FhLTExZTYtOGY4OC0zNDM2M2JjN2M0YzAiOnsiY3JlYXRlIjoxMjAwMDAwMDAwMDAwLCJkZWxldGUiOjEyMDAwMDAwMDAwMDAsInVwZGF0ZSI6MTIwMDAwMDAwMDAwMH19","dependencies":["oci_core_drg.main","oci_core_vcn.workload_x"]}]},{"mode":"managed","type":"oci_core_subnet","name":"gen_interfacing","provider":"provider[\"registry.opentofu.org/oracle/oci\"]","instances":[{"schema_version":0,"attributes":{"availability_domain":null,"cidr_block":"10.1.2.0/24","compartment_id":"ocid1.compartment.oc1..aaaaaaaawtz5rnohfxwdtcgwfy3yfhfdiuqk2l52qjjv3rjnzqvfdfiewilq","defined_tags":{"Oracle-Tags.CreatedBy":"default/roarior_jeremysoo@hotmail.com","Oracle-Tags.CreatedOn":"2026-03-23T11:02:18.517Z"},"dhcp_options_id":"ocid1.dhcpoptions.oc1.ap-singapore-1.aaaaaaaa545yo3hrmcivzvzd35fsnbix33woow7oj52r23e5pzoyyuzp7pia","display_name":"gen-interfacing","dns_label":null,"freeform_tags":{},"id":"ocid1.subnet.oc1.ap-singapore-1.aaaaaaaakzmxjdae7vpuf3usojnma2yidojwc654727oxhow7uvbyzau6jsq","ipv6cidr_block":null,"ipv6cidr_blocks":[],"ipv6virtual_router_ip":null,"prohibit_internet_ingress":false,"prohibit_public_ip_on_vnic":false,"route_table_id":"ocid1.routetable.oc1.ap-singapore-1.aaaaaaaa54dtbzlogovhk7dzlekzio5tjrsnajgalablpm2nimmwws2ghnoa","security_list_ids":["ocid1.securitylist.oc1.ap-singapore-1.aaaaaaaaiu7f5pee5sljjx6d6iajkjfm3o6budtlfl5og4ikukxgmrfwjmpa"],"state":"AVAILABLE","subnet_domain_name":null,"time_created":"2026-03-23 11:02:18.546 +0000 UTC","timeouts":null,"vcn_id":"ocid1.vcn.oc1.ap-singapore-1.amaaaaaabtwqiiqaea3gqmy3e4quhyzngteqlbh32h4yicxi5tvydzbkkz3a","virtual_router_ip":"10.1.2.1","virtual_router_mac":"00:00:17:43:D3:A7"},"sensitive_attributes":[],"private":"eyJlMmJmYjczMC1lY2FhLTExZTYtOGY4OC0zNDM2M2JjN2M0YzAiOnsiY3JlYXRlIjoxMjAwMDAwMDAwMDAwLCJkZWxldGUiOjEyMDAwMDAwMDAwMDAsInVwZGF0ZSI6MTIwMDAwMDAwMDAwMH19","dependencies":["oci_core_vcn.gen"]}]},{"mode":"managed","type":"oci_core_subnet","name":"gen_public","provider":"provider[\"registry.opentofu.org/oracle/oci\"]","instances":[{"schema_version":0,"attributes":{"availability_domain":null,"cidr_block":"10.1.1.0/24","compartment_id":"ocid1.compartment.oc1..aaaaaaaawtz5rnohfxwdtcgwfy3yfhfdiuqk2l52qjjv3rjnzqvfdfiewilq","defined_tags":{"Oracle-Tags.CreatedBy":"default/roarior_jeremysoo@hotmail.com","Oracle-Tags.CreatedOn":"2026-03-23T11:02:18.846Z"},"dhcp_options_id":"ocid1.dhcpoptions.oc1.ap-singapore-1.aaaaaaaa545yo3hrmcivzvzd35fsnbix33woow7oj52r23e5pzoyyuzp7pia","display_name":"gen-public","dns_label":null,"freeform_tags":{},"id":"ocid1.subnet.oc1.ap-singapore-1.aaaaaaaaufds4eq7s62biimw4eticalso5zpkfsaipfaxds7niwb75agmu5a","ipv6cidr_block":null,"ipv6cidr_blocks":[],"ipv6virtual_router_ip":null,"prohibit_internet_ingress":false,"prohibit_public_ip_on_vnic":false,"route_table_id":"ocid1.routetable.oc1.ap-singapore-1.aaaaaaaa54dtbzlogovhk7dzlekzio5tjrsnajgalablpm2nimmwws2ghnoa","security_list_ids":["ocid1.securitylist.oc1.ap-singapore-1.aaaaaaaaiu7f5pee5sljjx6d6iajkjfm3o6budtlfl5og4ikukxgmrfwjmpa"],"state":"AVAILABLE","subnet_domain_name":null,"time_created":"2026-03-23 11:02:18.876 +0000 UTC","timeouts":null,"vcn_id":"ocid1.vcn.oc1.ap-singapore-1.amaaaaaabtwqiiqaea3gqmy3e4quhyzngteqlbh32h4yicxi5tvydzbkkz3a","virtual_router_ip":"10.1.1.1","virtual_router_mac":"00:00:17:43:D3:A7"},"sensitive_attributes":[],"private":"eyJlMmJmYjczMC1lY2FhLTExZTYtOGY4OC0zNDM2M2JjN2M0YzAiOnsiY3JlYXRlIjoxMjAwMDAwMDAwMDAwLCJkZWxldGUiOjEyMDAwMDAwMDAwMDAsInVwZGF0ZSI6MTIwMDAwMDAwMDAwMH19","dependencies":["oci_core_vcn.gen"]}]},{"mode":"managed","type":"oci_core_subnet","name":"internet_interfacing","provider":"provider[\"registry.opentofu.org/oracle/oci\"]","instances":[{"schema_version":0,"attributes":{"availability_domain":null,"cidr_block":"10.0.2.0/24","compartment_id":"ocid1.compartment.oc1..aaaaaaaawtz5rnohfxwdtcgwfy3yfhfdiuqk2l52qjjv3rjnzqvfdfiewilq","defined_tags":{"Oracle-Tags.CreatedBy":"default/roarior_jeremysoo@hotmail.com","Oracle-Tags.CreatedOn":"2026-03-23T11:02:16.726Z"},"dhcp_options_id":"ocid1.dhcpoptions.oc1.ap-singapore-1.aaaaaaaatuzrjoyfqhzlmsnnkjqeimb3iox2evravqpmcgo4nsc6i7tooxeq","display_name":"internet-interfacing","dns_label":null,"freeform_tags":{},"id":"ocid1.subnet.oc1.ap-singapore-1.aaaaaaaa5r4yamkrg6n5pgvdu2dhtcgblk4hcqk55wgttkmcafyn6ytuusfa","ipv6cidr_block":null,"ipv6cidr_blocks":[],"ipv6virtual_router_ip":null,"prohibit_internet_ingress":false,"prohibit_public_ip_on_vnic":false,"route_table_id":"ocid1.routetable.oc1.ap-singapore-1.aaaaaaaai3okdi4dp3wfmpayfvmpz7ncdm23x62koq34t4g7tr3oxeommglq","security_list_ids":["ocid1.securitylist.oc1.ap-singapore-1.aaaaaaaac7yaxekuflr42utozbllarhqiul6qpfqi3ujns4o2y3ka5si4b6q"],"state":"AVAILABLE","subnet_domain_name":null,"time_created":"2026-03-23 11:02:16.752 +0000 UTC","timeouts":null,"vcn_id":"ocid1.vcn.oc1.ap-singapore-1.amaaaaaabtwqiiqanhdna5zs5tg7lwuxwrodmlu2iecee7zquhlz4eelmfca","virtual_router_ip":"10.0.2.1","virtual_router_mac":"00:00:17:15:03:B5"},"sensitive_attributes":[],"private":"eyJlMmJmYjczMC1lY2FhLTExZTYtOGY4OC0zNDM2M2JjN2M0YzAiOnsiY3JlYXRlIjoxMjAwMDAwMDAwMDAwLCJkZWxldGUiOjEyMDAwMDAwMDAwMDAsInVwZGF0ZSI6MTIwMDAwMDAwMDAwMH19","dependencies":["oci_core_vcn.internet"]}]},{"mode":"managed","type":"oci_core_subnet","name":"internet_public","provider":"provider[\"registry.opentofu.org/oracle/oci\"]","instances":[{"schema_version":0,"attributes":{"availability_domain":null,"cidr_block":"10.0.1.0/24","compartment_id":"ocid1.compartment.oc1..aaaaaaaawtz5rnohfxwdtcgwfy3yfhfdiuqk2l52qjjv3rjnzqvfdfiewilq","defined_tags":{"Oracle-Tags.CreatedBy":"default/roarior_jeremysoo@hotmail.com","Oracle-Tags.CreatedOn":"2026-03-23T11:02:16.740Z"},"dhcp_options_id":"ocid1.dhcpoptions.oc1.ap-singapore-1.aaaaaaaatuzrjoyfqhzlmsnnkjqeimb3iox2evravqpmcgo4nsc6i7tooxeq","display_name":"internet-public","dns_label":null,"freeform_tags":{},"id":"ocid1.subnet.oc1.ap-singapore-1.aaaaaaaasmb2vtjgozl7hi7mzpef4u4s7y4dngrsartitesmej6add6zznta","ipv6cidr_block":null,"ipv6cidr_blocks":[],"ipv6virtual_router_ip":null,"prohibit_internet_ingress":false,"prohibit_public_ip_on_vnic":false,"route_table_id":"ocid1.routetable.oc1.ap-singapore-1.aaaaaaaai3okdi4dp3wfmpayfvmpz7ncdm23x62koq34t4g7tr3oxeommglq","security_list_ids":["ocid1.securitylist.oc1.ap-singapore-1.aaaaaaaac7yaxekuflr42utozbllarhqiul6qpfqi3ujns4o2y3ka5si4b6q"],"state":"AVAILABLE","subnet_domain_name":null,"time_created":"2026-03-23 11:02:17.014 +0000 UTC","timeouts":null,"vcn_id":"ocid1.vcn.oc1.ap-singapore-1.amaaaaaabtwqiiqanhdna5zs5tg7lwuxwrodmlu2iecee7zquhlz4eelmfca","virtual_router_ip":"10.0.1.1","virtual_router_mac":"00:00:17:15:03:B5"},"sensitive_attributes":[],"private":"eyJlMmJmYjczMC1lY2FhLTExZTYtOGY4OC0zNDM2M2JjN2M0YzAiOnsiY3JlYXRlIjoxMjAwMDAwMDAwMDAwLCJkZWxldGUiOjEyMDAwMDAwMDAwMDAsInVwZGF0ZSI6MTIwMDAwMDAwMDAwMH19","dependencies":["oci_core_vcn.internet"]}]},{"mode":"managed","type":"oci_core_subnet","name":"workload_x_interfacing","provider":"provider[\"registry.opentofu.org/oracle/oci\"]","instances":[{"schema_version":0,"attributes":{"availability_domain":null,"cidr_block":"10.2.2.0/24","compartment_id":"ocid1.compartment.oc1..aaaaaaaawtz5rnohfxwdtcgwfy3yfhfdiuqk2l52qjjv3rjnzqvfdfiewilq","defined_tags":{"Oracle-Tags.CreatedBy":"default/roarior_jeremysoo@hotmail.com","Oracle-Tags.CreatedOn":"2026-03-23T11:02:16.738Z"},"dhcp_options_id":"ocid1.dhcpoptions.oc1.ap-singapore-1.aaaaaaaapvwphparqjsdmn44ef7bcvnbk7svrjyfzurm6c4r76aznuzwxvsq","display_name":"workload-x-interfacing","dns_label":null,"freeform_tags":{},"id":"ocid1.subnet.oc1.ap-singapore-1.aaaaaaaahnjistzau4j3hckso3crhrbelujvsi3no6yojnufsvfyqlcykdpa","ipv6cidr_block":null,"ipv6cidr_blocks":[],"ipv6virtual_router_ip":null,"prohibit_internet_ingress":false,"prohibit_public_ip_on_vnic":false,"route_table_id":"ocid1.routetable.oc1.ap-singapore-1.aaaaaaaareem4cb3i7o2qjmtrmfigedvvnfwhds2llzo5au7cuaqjgywgucq","security_list_ids":["ocid1.securitylist.oc1.ap-singapore-1.aaaaaaaau4i5aoeiq6x4r4m5w6n344snyijck6f557cn7mpkl32x5poruqua"],"state":"AVAILABLE","subnet_domain_name":null,"time_created":"2026-03-23 11:02:16.998 +0000 UTC","timeouts":null,"vcn_id":"ocid1.vcn.oc1.ap-singapore-1.amaaaaaabtwqiiqaoqq2tqabymlponu6v3euwzlvqml5x7gve5ijyfbk4kpq","virtual_router_ip":"10.2.2.1","virtual_router_mac":"00:00:17:7A:2B:3C"},"sensitive_attributes":[],"private":"eyJlMmJmYjczMC1lY2FhLTExZTYtOGY4OC0zNDM2M2JjN2M0YzAiOnsiY3JlYXRlIjoxMjAwMDAwMDAwMDAwLCJkZWxldGUiOjEyMDAwMDAwMDAwMDAsInVwZGF0ZSI6MTIwMDAwMDAwMDAwMH19","dependencies":["oci_core_vcn.workload_x"]}]},{"mode":"managed","type":"oci_core_subnet","name":"workload_x_web","provider":"provider[\"registry.opentofu.org/oracle/oci\"]","instances":[{"schema_version":0,"attributes":{"availability_domain":null,"cidr_block":"10.2.1.0/24","compartment_id":"ocid1.compartment.oc1..aaaaaaaawtz5rnohfxwdtcgwfy3yfhfdiuqk2l52qjjv3rjnzqvfdfiewilq","defined_tags":{"Oracle-Tags.CreatedBy":"default/roarior_jeremysoo@hotmail.com","Oracle-Tags.CreatedOn":"2026-03-23T11:02:16.724Z"},"dhcp_options_id":"ocid1.dhcpoptions.oc1.ap-singapore-1.aaaaaaaapvwphparqjsdmn44ef7bcvnbk7svrjyfzurm6c4r76aznuzwxvsq","display_name":"workload-x-web","dns_label":null,"freeform_tags":{},"id":"ocid1.subnet.oc1.ap-singapore-1.aaaaaaaaa7fgdbe5ogapa4i32v6wnso6lefptbfrag3ixj7wo5enmg6www2q","ipv6cidr_block":null,"ipv6cidr_blocks":[],"ipv6virtual_router_ip":null,"prohibit_internet_ingress":false,"prohibit_public_ip_on_vnic":false,"route_table_id":"ocid1.routetable.oc1.ap-singapore-1.aaaaaaaareem4cb3i7o2qjmtrmfigedvvnfwhds2llzo5au7cuaqjgywgucq","security_list_ids":["ocid1.securitylist.oc1.ap-singapore-1.aaaaaaaau4i5aoeiq6x4r4m5w6n344snyijck6f557cn7mpkl32x5poruqua"],"state":"AVAILABLE","subnet_domain_name":null,"time_created":"2026-03-23 11:02:16.754 +0000 UTC","timeouts":null,"vcn_id":"ocid1.vcn.oc1.ap-singapore-1.amaaaaaabtwqiiqaoqq2tqabymlponu6v3euwzlvqml5x7gve5ijyfbk4kpq","virtual_router_ip":"10.2.1.1","virtual_router_mac":"00:00:17:7A:2B:3C"},"sensitive_attributes":[],"private":"eyJlMmJmYjczMC1lY2FhLTExZTYtOGY4OC0zNDM2M2JjN2M0YzAiOnsiY3JlYXRlIjoxMjAwMDAwMDAwMDAwLCJkZWxldGUiOjEyMDAwMDAwMDAwMDAsInVwZGF0ZSI6MTIwMDAwMDAwMDAwMH19","dependencies":["oci_core_vcn.workload_x"]}]},{"mode":"managed","type":"oci_core_vcn","name":"gen","provider":"provider[\"registry.opentofu.org/oracle/oci\"]","instances":[{"schema_version":0,"attributes":{"byoipv6cidr_blocks":[],"byoipv6cidr_details":null,"cidr_block":"10.1.0.0/16","cidr_blocks":["10.1.0.0/16"],"compartment_id":"ocid1.compartment.oc1..aaaaaaaawtz5rnohfxwdtcgwfy3yfhfdiuqk2l52qjjv3rjnzqvfdfiewilq","default_dhcp_options_id":"ocid1.dhcpoptions.oc1.ap-singapore-1.aaaaaaaa545yo3hrmcivzvzd35fsnbix33woow7oj52r23e5pzoyyuzp7pia","default_route_table_id":"ocid1.routetable.oc1.ap-singapore-1.aaaaaaaa54dtbzlogovhk7dzlekzio5tjrsnajgalablpm2nimmwws2ghnoa","default_security_list_id":"ocid1.securitylist.oc1.ap-singapore-1.aaaaaaaaiu7f5pee5sljjx6d6iajkjfm3o6budtlfl5og4ikukxgmrfwjmpa","defined_tags":{"Oracle-Tags.CreatedBy":"default/roarior_jeremysoo@hotmail.com","Oracle-Tags.CreatedOn":"2026-03-23T11:02:15.992Z"},"display_name":"gen-vcn","dns_label":null,"freeform_tags":{},"id":"ocid1.vcn.oc1.ap-singapore-1.amaaaaaabtwqiiqaea3gqmy3e4quhyzngteqlbh32h4yicxi5tvydzbkkz3a","ipv6cidr_blocks":[],"ipv6private_cidr_blocks":[],"is_ipv6enabled":false,"is_oracle_gua_allocation_enabled":null,"state":"AVAILABLE","time_created":"2026-03-23 11:02:16.417 +0000 UTC","timeouts":null,"vcn_domain_name":null},"sensitive_attributes":[],"private":"eyJlMmJmYjczMC1lY2FhLTExZTYtOGY4OC0zNDM2M2JjN2M0YzAiOnsiY3JlYXRlIjoxMjAwMDAwMDAwMDAwLCJkZWxldGUiOjEyMDAwMDAwMDAwMDAsInVwZGF0ZSI6MTIwMDAwMDAwMDAwMH19"}]},{"mode":"managed","type":"oci_core_vcn","name":"internet","provider":"provider[\"registry.opentofu.org/oracle/oci\"]","instances":[{"schema_version":0,"attributes":{"byoipv6cidr_blocks":[],"byoipv6cidr_details":null,"cidr_block":"10.0.0.0/16","cidr_blocks":["10.0.0.0/16"],"compartment_id":"ocid1.compartment.oc1..aaaaaaaawtz5rnohfxwdtcgwfy3yfhfdiuqk2l52qjjv3rjnzqvfdfiewilq","default_dhcp_options_id":"ocid1.dhcpoptions.oc1.ap-singapore-1.aaaaaaaatuzrjoyfqhzlmsnnkjqeimb3iox2evravqpmcgo4nsc6i7tooxeq","default_route_table_id":"ocid1.routetable.oc1.ap-singapore-1.aaaaaaaai3okdi4dp3wfmpayfvmpz7ncdm23x62koq34t4g7tr3oxeommglq","default_security_list_id":"ocid1.securitylist.oc1.ap-singapore-1.aaaaaaaac7yaxekuflr42utozbllarhqiul6qpfqi3ujns4o2y3ka5si4b6q","defined_tags":{"Oracle-Tags.CreatedBy":"default/roarior_jeremysoo@hotmail.com","Oracle-Tags.CreatedOn":"2026-03-23T11:02:15.989Z"},"display_name":"internet-vcn","dns_label":null,"freeform_tags":{},"id":"ocid1.vcn.oc1.ap-singapore-1.amaaaaaabtwqiiqanhdna5zs5tg7lwuxwrodmlu2iecee7zquhlz4eelmfca","ipv6cidr_blocks":[],"ipv6private_cidr_blocks":[],"is_ipv6enabled":false,"is_oracle_gua_allocation_enabled":null,"state":"AVAILABLE","time_created":"2026-03-23 11:02:16.36 +0000 UTC","timeouts":null,"vcn_domain_name":null},"sensitive_attributes":[],"private":"eyJlMmJmYjczMC1lY2FhLTExZTYtOGY4OC0zNDM2M2JjN2M0YzAiOnsiY3JlYXRlIjoxMjAwMDAwMDAwMDAwLCJkZWxldGUiOjEyMDAwMDAwMDAwMDAsInVwZGF0ZSI6MTIwMDAwMDAwMDAwMH19"}]},{"mode":"managed","type":"oci_core_vcn","name":"workload_x","provider":"provider[\"registry.opentofu.org/oracle/oci\"]","instances":[{"schema_version":0,"attributes":{"byoipv6cidr_blocks":[],"byoipv6cidr_details":null,"cidr_block":"10.2.0.0/16","cidr_blocks":["10.2.0.0/16"],"compartment_id":"ocid1.compartment.oc1..aaaaaaaawtz5rnohfxwdtcgwfy3yfhfdiuqk2l52qjjv3rjnzqvfdfiewilq","default_dhcp_options_id":"ocid1.dhcpoptions.oc1.ap-singapore-1.aaaaaaaapvwphparqjsdmn44ef7bcvnbk7svrjyfzurm6c4r76aznuzwxvsq","default_route_table_id":"ocid1.routetable.oc1.ap-singapore-1.aaaaaaaareem4cb3i7o2qjmtrmfigedvvnfwhds2llzo5au7cuaqjgywgucq","default_security_list_id":"ocid1.securitylist.oc1.ap-singapore-1.aaaaaaaau4i5aoeiq6x4r4m5w6n344snyijck6f557cn7mpkl32x5poruqua","defined_tags":{"Oracle-Tags.CreatedBy":"default/roarior_jeremysoo@hotmail.com","Oracle-Tags.CreatedOn":"2026-03-23T11:02:15.985Z"},"display_name":"workload-x-vcn","dns_label":null,"freeform_tags":{},"id":"ocid1.vcn.oc1.ap-singapore-1.amaaaaaabtwqiiqaoqq2tqabymlponu6v3euwzlvqml5x7gve5ijyfbk4kpq","ipv6cidr_blocks":[],"ipv6private_cidr_blocks":[],"is_ipv6enabled":false,"is_oracle_gua_allocation_enabled":null,"state":"AVAILABLE","time_created":"2026-03-23 11:02:16.403 +0000 UTC","timeouts":null,"vcn_domain_name":null},"sensitive_attributes":[],"private":"eyJlMmJmYjczMC1lY2FhLTExZTYtOGY4OC0zNDM2M2JjN2M0YzAiOnsiY3JlYXRlIjoxMjAwMDAwMDAwMDAwLCJkZWxldGUiOjEyMDAwMDAwMDAwMDAsInVwZGF0ZSI6MTIwMDAwMDAwMDAwMH19"}]},{"module":"module.workload_x","mode":"managed","type":"oci_core_drg_attachment","name":"this","provider":"provider[\"registry.opentofu.org/oracle/oci\"]","instances":[{"schema_version":0,"attributes":{"compartment_id":"ocid1.compartment.oc1..aaaaaaaawtz5rnohfxwdtcgwfy3yfhfdiuqk2l52qjjv3rjnzqvfdfiewilq","defined_tags":{},"display_name":"workload-x-vcn-attachment","drg_id":"ocid1.drg.oc1.ap-singapore-1.aaaaaaaawuktb2tlrobgpuzxslpmzfnwcmdqcotwdq5zuhmsf2wlslqe2fua","drg_route_table_id":"ocid1.drgroutetable.oc1.ap-singapore-1.aaaaaaaazsjysoxdxr4vsn2i4mp7nm2e3c7aw7xooucgo5hoj6hic7c7tt7a","export_drg_route_distribution_id":null,"freeform_tags":{},"id":"ocid1.drgattachment.oc1.ap-singapore-1.aaaaaaaatadyftz5mrv5wixc3fgslz4ck2ojdb3zaoodmfhxe5hzm2khwbyq","is_cross_tenancy":false,"network_details":[{"id":"ocid1.vcn.oc1.ap-singapore-1.amaaaaaabtwqiiqaqn2eluxjboo375sagssmz5ikqow7se5s4ot5mklt5s5q","ids":[],"ipsec_connection_id":"","route_table_id":"","transport_attachment_id":"","transport_only_mode":false,"type":"VCN","vcn_route_type":"SUBNET_CIDRS"}],"remove_export_drg_route_distribution_trigger":null,"route_table_id":null,"state":"ATTACHED","time_created":"2026-03-23 11:02:30.387 +0000 UTC","timeouts":null,"vcn_id":"ocid1.vcn.oc1.ap-singapore-1.amaaaaaabtwqiiqaqn2eluxjboo375sagssmz5ikqow7se5s4ot5mklt5s5q"},"sensitive_attributes":[],"private":"eyJlMmJmYjczMC1lY2FhLTExZTYtOGY4OC0zNDM2M2JjN2M0YzAiOnsiY3JlYXRlIjoxMjAwMDAwMDAwMDAwLCJkZWxldGUiOjEyMDAwMDAwMDAwMDAsInVwZGF0ZSI6MTIwMDAwMDAwMDAwMH19","dependencies":["module.workload_x.oci_core_vcn.this","oci_core_drg.main"]}]},{"module":"module.workload_x","mode":"managed","type":"oci_core_subnet","name":"interfacing","provider":"provider[\"registry.opentofu.org/oracle/oci\"]","instances":[{"schema_version":0,"attributes":{"availability_domain":null,"cidr_block":"10.1.2.0/24","compartment_id":"ocid1.compartment.oc1..aaaaaaaawtz5rnohfxwdtcgwfy3yfhfdiuqk2l52qjjv3rjnzqvfdfiewilq","defined_tags":{"Oracle-Tags.CreatedBy":"default/roarior_jeremysoo@hotmail.com","Oracle-Tags.CreatedOn":"2026-03-23T11:02:16.440Z"},"dhcp_options_id":"ocid1.dhcpoptions.oc1.ap-singapore-1.aaaaaaaab5wx3jnhljvpuar4l3mwo752qahx5c5grkoc637mnfsjb4aw2tfa","display_name":"workload-x-vcn-interfacing","dns_label":null,"freeform_tags":{},"id":"ocid1.subnet.oc1.ap-singapore-1.aaaaaaaadxrlmvfhkm23mjlfnfxbtby7xgdtf7pvyhhhfqjquimllc3twhpa","ipv6cidr_block":null,"ipv6cidr_blocks":[],"ipv6virtual_router_ip":null,"prohibit_internet_ingress":false,"prohibit_public_ip_on_vnic":false,"route_table_id":"ocid1.routetable.oc1.ap-singapore-1.aaaaaaaa5s5jcqe7pqb5ph4awvxgq6bhp5rpeg7uqf7ppfmv3k3qyzkmilmq","security_list_ids":["ocid1.securitylist.oc1.ap-singapore-1.aaaaaaaa3tyf4hzd5q5r5dkh23h2xm2lo7adzs7a6ranvfoiyl4ona3ywvfa"],"state":"AVAILABLE","subnet_domain_name":null,"time_created":"2026-03-23 11:02:16.471 +0000 UTC","timeouts":null,"vcn_id":"ocid1.vcn.oc1.ap-singapore-1.amaaaaaabtwqiiqaqn2eluxjboo375sagssmz5ikqow7se5s4ot5mklt5s5q","virtual_router_ip":"10.1.2.1","virtual_router_mac":"00:00:17:E4:6E:A1"},"sensitive_attributes":[],"private":"eyJlMmJmYjczMC1lY2FhLTExZTYtOGY4OC0zNDM2M2JjN2M0YzAiOnsiY3JlYXRlIjoxMjAwMDAwMDAwMDAwLCJkZWxldGUiOjEyMDAwMDAwMDAwMDAsInVwZGF0ZSI6MTIwMDAwMDAwMDAwMH19","dependencies":["module.workload_x.oci_core_vcn.this"]}]},{"module":"module.workload_x","mode":"managed","type":"oci_core_subnet","name":"web","provider":"provider[\"registry.opentofu.org/oracle/oci\"]","instances":[{"schema_version":0,"attributes":{"availability_domain":null,"cidr_block":"10.1.1.0/24","compartment_id":"ocid1.compartment.oc1..aaaaaaaawtz5rnohfxwdtcgwfy3yfhfdiuqk2l52qjjv3rjnzqvfdfiewilq","defined_tags":{"Oracle-Tags.CreatedBy":"default/roarior_jeremysoo@hotmail.com","Oracle-Tags.CreatedOn":"2026-03-23T11:02:16.476Z"},"dhcp_options_id":"ocid1.dhcpoptions.oc1.ap-singapore-1.aaaaaaaab5wx3jnhljvpuar4l3mwo752qahx5c5grkoc637mnfsjb4aw2tfa","display_name":"workload-x-vcn-web","dns_label":null,"freeform_tags":{},"id":"ocid1.subnet.oc1.ap-singapore-1.aaaaaaaa43mwucpb7jwwdqhjj5bh3xhszkjblp4pbny4udfc5gssplk2k64q","ipv6cidr_block":null,"ipv6cidr_blocks":[],"ipv6virtual_router_ip":null,"prohibit_internet_ingress":false,"prohibit_public_ip_on_vnic":false,"route_table_id":"ocid1.routetable.oc1.ap-singapore-1.aaaaaaaa5s5jcqe7pqb5ph4awvxgq6bhp5rpeg7uqf7ppfmv3k3qyzkmilmq","security_list_ids":["ocid1.securitylist.oc1.ap-singapore-1.aaaaaaaa3tyf4hzd5q5r5dkh23h2xm2lo7adzs7a6ranvfoiyl4ona3ywvfa"],"state":"AVAILABLE","subnet_domain_name":null,"time_created":"2026-03-23 11:02:16.701 +0000 UTC","timeouts":null,"vcn_id":"ocid1.vcn.oc1.ap-singapore-1.amaaaaaabtwqiiqaqn2eluxjboo375sagssmz5ikqow7se5s4ot5mklt5s5q","virtual_router_ip":"10.1.1.1","virtual_router_mac":"00:00:17:E4:6E:A1"},"sensitive_attributes":[],"private":"eyJlMmJmYjczMC1lY2FhLTExZTYtOGY4OC0zNDM2M2JjN2M0YzAiOnsiY3JlYXRlIjoxMjAwMDAwMDAwMDAwLCJkZWxldGUiOjEyMDAwMDAwMDAwMDAsInVwZGF0ZSI6MTIwMDAwMDAwMDAwMH19","dependencies":["module.workload_x.oci_core_vcn.this"]}]},{"module":"module.workload_x","mode":"managed","type":"oci_core_vcn","name":"this","provider":"provider[\"registry.opentofu.org/oracle/oci\"]","instances":[{"schema_version":0,"attributes":{"byoipv6cidr_blocks":[],"byoipv6cidr_details":null,"cidr_block":"10.1.0.0/16","cidr_blocks":["10.1.0.0/16"],"compartment_id":"ocid1.compartment.oc1..aaaaaaaawtz5rnohfxwdtcgwfy3yfhfdiuqk2l52qjjv3rjnzqvfdfiewilq","default_dhcp_options_id":"ocid1.dhcpoptions.oc1.ap-singapore-1.aaaaaaaab5wx3jnhljvpuar4l3mwo752qahx5c5grkoc637mnfsjb4aw2tfa","default_route_table_id":"ocid1.routetable.oc1.ap-singapore-1.aaaaaaaa5s5jcqe7pqb5ph4awvxgq6bhp5rpeg7uqf7ppfmv3k3qyzkmilmq","default_security_list_id":"ocid1.securitylist.oc1.ap-singapore-1.aaaaaaaa3tyf4hzd5q5r5dkh23h2xm2lo7adzs7a6ranvfoiyl4ona3ywvfa","defined_tags":{"Oracle-Tags.CreatedBy":"default/roarior_jeremysoo@hotmail.com","Oracle-Tags.CreatedOn":"2026-03-23T11:02:15.989Z"},"display_name":"workload-x-vcn","dns_label":null,"freeform_tags":{},"id":"ocid1.vcn.oc1.ap-singapore-1.amaaaaaabtwqiiqaqn2eluxjboo375sagssmz5ikqow7se5s4ot5mklt5s5q","ipv6cidr_blocks":[],"ipv6private_cidr_blocks":[],"is_ipv6enabled":false,"is_oracle_gua_allocation_enabled":null,"state":"AVAILABLE","time_created":"2026-03-23 11:02:16.055 +0000 UTC","timeouts":null,"vcn_domain_name":null},"sensitive_attributes":[],"private":"eyJlMmJmYjczMC1lY2FhLTExZTYtOGY4OC0zNDM2M2JjN2M0YzAiOnsiY3JlYXRlIjoxMjAwMDAwMDAwMDAwLCJkZWxldGUiOjEyMDAwMDAwMDAwMDAsInVwZGF0ZSI6MTIwMDAwMDAwMDAwMH19"}]},{"module":"module.workload_y","mode":"managed","type":"oci_core_drg_attachment","name":"this","provider":"provider[\"registry.opentofu.org/oracle/oci\"]","instances":[{"schema_version":0,"attributes":{"compartment_id":"ocid1.compartment.oc1..aaaaaaaawtz5rnohfxwdtcgwfy3yfhfdiuqk2l52qjjv3rjnzqvfdfiewilq","defined_tags":{},"display_name":"workload-y-vcn-attachment","drg_id":"ocid1.drg.oc1.ap-singapore-1.aaaaaaaawuktb2tlrobgpuzxslpmzfnwcmdqcotwdq5zuhmsf2wlslqe2fua","drg_route_table_id":"ocid1.drgroutetable.oc1.ap-singapore-1.aaaaaaaazsjysoxdxr4vsn2i4mp7nm2e3c7aw7xooucgo5hoj6hic7c7tt7a","export_drg_route_distribution_id":null,"freeform_tags":{},"id":"ocid1.drgattachment.oc1.ap-singapore-1.aaaaaaaae2unmhgvqmlqpnn2pxvnfy5ecb37sgow3iqvmpghvhbkxhocf7va","is_cross_tenancy":false,"network_details":[{"id":"ocid1.vcn.oc1.ap-singapore-1.amaaaaaabtwqiiqa5ihsbqxi7hztnura2peuwqvp46fr2sdrnsmmjay5ss7a","ids":[],"ipsec_connection_id":"","route_table_id":"","transport_attachment_id":"","transport_only_mode":false,"type":"VCN","vcn_route_type":"SUBNET_CIDRS"}],"remove_export_drg_route_distribution_trigger":null,"route_table_id":null,"state":"ATTACHED","time_created":"2026-03-23 11:02:30.231 +0000 UTC","timeouts":null,"vcn_id":"ocid1.vcn.oc1.ap-singapore-1.amaaaaaabtwqiiqa5ihsbqxi7hztnura2peuwqvp46fr2sdrnsmmjay5ss7a"},"sensitive_attributes":[],"private":"eyJlMmJmYjczMC1lY2FhLTExZTYtOGY4OC0zNDM2M2JjN2M0YzAiOnsiY3JlYXRlIjoxMjAwMDAwMDAwMDAwLCJkZWxldGUiOjEyMDAwMDAwMDAwMDAsInVwZGF0ZSI6MTIwMDAwMDAwMDAwMH19","dependencies":["module.workload_y.oci_core_vcn.this","oci_core_drg.main"]}]},{"module":"module.workload_y","mode":"managed","type":"oci_core_subnet","name":"interfacing","provider":"provider[\"registry.opentofu.org/oracle/oci\"]","instances":[{"schema_version":0,"attributes":{"availability_domain":null,"cidr_block":"10.2.2.0/24","compartment_id":"ocid1.compartment.oc1..aaaaaaaawtz5rnohfxwdtcgwfy3yfhfdiuqk2l52qjjv3rjnzqvfdfiewilq","defined_tags":{"Oracle-Tags.CreatedBy":"default/roarior_jeremysoo@hotmail.com","Oracle-Tags.CreatedOn":"2026-03-23T11:02:16.735Z"},"dhcp_options_id":"ocid1.dhcpoptions.oc1.ap-singapore-1.aaaaaaaa547kyeyhkeskmosffaxdgzx6v5bfufngamvgyzc7t4iu3sz3ng3a","display_name":"workload-y-vcn-interfacing","dns_label":null,"freeform_tags":{},"id":"ocid1.subnet.oc1.ap-singapore-1.aaaaaaaagx7z3ierjc3rv2oktyxibpcinfuonxuvywvbgg6zaqubjewxd6kq","ipv6cidr_block":null,"ipv6cidr_blocks":[],"ipv6virtual_router_ip":null,"prohibit_internet_ingress":false,"prohibit_public_ip_on_vnic":false,"route_table_id":"ocid1.routetable.oc1.ap-singapore-1.aaaaaaaansx75u5xw5g3fpzn2slriwwrcifwigt7rmohw5gjegaxhxiqm2ma","security_list_ids":["ocid1.securitylist.oc1.ap-singapore-1.aaaaaaaa2lb4ec7hac3ypfsdkgh3jogsk7r6vxlagth24ksuexfircjmie6a"],"state":"AVAILABLE","subnet_domain_name":null,"time_created":"2026-03-23 11:02:16.781 +0000 UTC","timeouts":null,"vcn_id":"ocid1.vcn.oc1.ap-singapore-1.amaaaaaabtwqiiqa5ihsbqxi7hztnura2peuwqvp46fr2sdrnsmmjay5ss7a","virtual_router_ip":"10.2.2.1","virtual_router_mac":"00:00:17:F1:24:79"},"sensitive_attributes":[],"private":"eyJlMmJmYjczMC1lY2FhLTExZTYtOGY4OC0zNDM2M2JjN2M0YzAiOnsiY3JlYXRlIjoxMjAwMDAwMDAwMDAwLCJkZWxldGUiOjEyMDAwMDAwMDAwMDAsInVwZGF0ZSI6MTIwMDAwMDAwMDAwMH19","dependencies":["module.workload_y.oci_core_vcn.this"]}]},{"module":"module.workload_y","mode":"managed","type":"oci_core_subnet","name":"web","provider":"provider[\"registry.opentofu.org/oracle/oci\"]","instances":[{"schema_version":0,"attributes":{"availability_domain":null,"cidr_block":"10.2.1.0/24","compartment_id":"ocid1.compartment.oc1..aaaaaaaawtz5rnohfxwdtcgwfy3yfhfdiuqk2l52qjjv3rjnzqvfdfiewilq","defined_tags":{"Oracle-Tags.CreatedBy":"default/roarior_jeremysoo@hotmail.com","Oracle-Tags.CreatedOn":"2026-03-23T11:02:16.785Z"},"dhcp_options_id":"ocid1.dhcpoptions.oc1.ap-singapore-1.aaaaaaaa547kyeyhkeskmosffaxdgzx6v5bfufngamvgyzc7t4iu3sz3ng3a","display_name":"workload-y-vcn-web","dns_label":null,"freeform_tags":{},"id":"ocid1.subnet.oc1.ap-singapore-1.aaaaaaaanp3s32kx2unaq2ilcc4r7ot2usklcepunyqqdh3qezws4jvxutoq","ipv6cidr_block":null,"ipv6cidr_blocks":[],"ipv6virtual_router_ip":null,"prohibit_internet_ingress":false,"prohibit_public_ip_on_vnic":false,"route_table_id":"ocid1.routetable.oc1.ap-singapore-1.aaaaaaaansx75u5xw5g3fpzn2slriwwrcifwigt7rmohw5gjegaxhxiqm2ma","security_list_ids":["ocid1.securitylist.oc1.ap-singapore-1.aaaaaaaa2lb4ec7hac3ypfsdkgh3jogsk7r6vxlagth24ksuexfircjmie6a"],"state":"AVAILABLE","subnet_domain_name":null,"time_created":"2026-03-23 11:02:17.034 +0000 UTC","timeouts":null,"vcn_id":"ocid1.vcn.oc1.ap-singapore-1.amaaaaaabtwqiiqa5ihsbqxi7hztnura2peuwqvp46fr2sdrnsmmjay5ss7a","virtual_router_ip":"10.2.1.1","virtual_router_mac":"00:00:17:F1:24:79"},"sensitive_attributes":[],"private":"eyJlMmJmYjczMC1lY2FhLTExZTYtOGY4OC0zNDM2M2JjN2M0YzAiOnsiY3JlYXRlIjoxMjAwMDAwMDAwMDAwLCJkZWxldGUiOjEyMDAwMDAwMDAwMDAsInVwZGF0ZSI6MTIwMDAwMDAwMDAwMH19","dependencies":["module.workload_y.oci_core_vcn.this"]}]},{"module":"module.workload_y","mode":"managed","type":"oci_core_vcn","name":"this","provider":"provider[\"registry.opentofu.org/oracle/oci\"]","instances":[{"schema_version":0,"attributes":{"byoipv6cidr_blocks":[],"byoipv6cidr_details":null,"cidr_block":"10.2.0.0/16","cidr_blocks":["10.2.0.0/16"],"compartment_id":"ocid1.compartment.oc1..aaaaaaaawtz5rnohfxwdtcgwfy3yfhfdiuqk2l52qjjv3rjnzqvfdfiewilq","default_dhcp_options_id":"ocid1.dhcpoptions.oc1.ap-singapore-1.aaaaaaaa547kyeyhkeskmosffaxdgzx6v5bfufngamvgyzc7t4iu3sz3ng3a","default_route_table_id":"ocid1.routetable.oc1.ap-singapore-1.aaaaaaaansx75u5xw5g3fpzn2slriwwrcifwigt7rmohw5gjegaxhxiqm2ma","default_security_list_id":"ocid1.securitylist.oc1.ap-singapore-1.aaaaaaaa2lb4ec7hac3ypfsdkgh3jogsk7r6vxlagth24ksuexfircjmie6a","defined_tags":{"Oracle-Tags.CreatedBy":"default/roarior_jeremysoo@hotmail.com","Oracle-Tags.CreatedOn":"2026-03-23T11:02:15.988Z"},"display_name":"workload-y-vcn","dns_label":null,"freeform_tags":{},"id":"ocid1.vcn.oc1.ap-singapore-1.amaaaaaabtwqiiqa5ihsbqxi7hztnura2peuwqvp46fr2sdrnsmmjay5ss7a","ipv6cidr_blocks":[],"ipv6private_cidr_blocks":[],"is_ipv6enabled":false,"is_oracle_gua_allocation_enabled":null,"state":"AVAILABLE","time_created":"2026-03-23 11:02:16.347 +0000 UTC","timeouts":null,"vcn_domain_name":null},"sensitive_attributes":[],"private":"eyJlMmJmYjczMC1lY2FhLTExZTYtOGY4OC0zNDM2M2JjN2M0YzAiOnsiY3JlYXRlIjoxMjAwMDAwMDAwMDAwLCJkZWxldGUiOjEyMDAwMDAwMDAwMDAsInVwZGF0ZSI6MTIwMDAwMDAwMDAwMH19"}]},{"module":"module.workload_z","mode":"managed","type":"oci_core_drg_attachment","name":"this","provider":"provider[\"registry.opentofu.org/oracle/oci\"]","instances":[{"schema_version":0,"attributes":{"compartment_id":"ocid1.compartment.oc1..aaaaaaaawtz5rnohfxwdtcgwfy3yfhfdiuqk2l52qjjv3rjnzqvfdfiewilq","defined_tags":{},"display_name":"workload-z-vcn-attachment","drg_id":"ocid1.drg.oc1.ap-singapore-1.aaaaaaaawuktb2tlrobgpuzxslpmzfnwcmdqcotwdq5zuhmsf2wlslqe2fua","drg_route_table_id":"ocid1.drgroutetable.oc1.ap-singapore-1.aaaaaaaazsjysoxdxr4vsn2i4mp7nm2e3c7aw7xooucgo5hoj6hic7c7tt7a","export_drg_route_distribution_id":null,"freeform_tags":{},"id":"ocid1.drgattachment.oc1.ap-singapore-1.aaaaaaaajp3v6m3oru4wqf2yumxpz7kmj5a3624wl4myf2jgedzfcojdg7dq","is_cross_tenancy":false,"network_details":[{"id":"ocid1.vcn.oc1.ap-singapore-1.amaaaaaabtwqiiqaalfqyn5lri2cwxj2ywwhtmvl63b64gs6vz62nlzutvta","ids":[],"ipsec_connection_id":"","route_table_id":"","transport_attachment_id":"","transport_only_mode":false,"type":"VCN","vcn_route_type":"SUBNET_CIDRS"}],"remove_export_drg_route_distribution_trigger":null,"route_table_id":null,"state":"ATTACHED","time_created":"2026-03-23 11:02:30.305 +0000 UTC","timeouts":null,"vcn_id":"ocid1.vcn.oc1.ap-singapore-1.amaaaaaabtwqiiqaalfqyn5lri2cwxj2ywwhtmvl63b64gs6vz62nlzutvta"},"sensitive_attributes":[],"private":"eyJlMmJmYjczMC1lY2FhLTExZTYtOGY4OC0zNDM2M2JjN2M0YzAiOnsiY3JlYXRlIjoxMjAwMDAwMDAwMDAwLCJkZWxldGUiOjEyMDAwMDAwMDAwMDAsInVwZGF0ZSI6MTIwMDAwMDAwMDAwMH19","dependencies":["module.workload_z.oci_core_vcn.this","oci_core_drg.main"]}]},{"module":"module.workload_z","mode":"managed","type":"oci_core_subnet","name":"interfacing","provider":"provider[\"registry.opentofu.org/oracle/oci\"]","instances":[{"schema_version":0,"attributes":{"availability_domain":null,"cidr_block":"10.3.2.0/24","compartment_id":"ocid1.compartment.oc1..aaaaaaaawtz5rnohfxwdtcgwfy3yfhfdiuqk2l52qjjv3rjnzqvfdfiewilq","defined_tags":{"Oracle-Tags.CreatedBy":"default/roarior_jeremysoo@hotmail.com","Oracle-Tags.CreatedOn":"2026-03-23T11:02:17.939Z"},"dhcp_options_id":"ocid1.dhcpoptions.oc1.ap-singapore-1.aaaaaaaaj7h4qqbmyhg54iypoq4kgcx5japt4zp7uw6te5ycai7r7kpcxkca","display_name":"workload-z-vcn-interfacing","dns_label":null,"freeform_tags":{},"id":"ocid1.subnet.oc1.ap-singapore-1.aaaaaaaasxolqw4m5q6zp3yrc475pylxxbplrzg6xlmpjrzqauswdu2w47rq","ipv6cidr_block":null,"ipv6cidr_blocks":[],"ipv6virtual_router_ip":null,"prohibit_internet_ingress":false,"prohibit_public_ip_on_vnic":false,"route_table_id":"ocid1.routetable.oc1.ap-singapore-1.aaaaaaaa53krd6itsc7tnl76r3qiodopmx45xpc2hewxcq3pzwqnerrwvssa","security_list_ids":["ocid1.securitylist.oc1.ap-singapore-1.aaaaaaaabzmoexrpiwjfaeb5unmmmxxbwuomsfdpfenrwlyxdhch64stfrrq"],"state":"AVAILABLE","subnet_domain_name":null,"time_created":"2026-03-23 11:02:18.178 +0000 UTC","timeouts":null,"vcn_id":"ocid1.vcn.oc1.ap-singapore-1.amaaaaaabtwqiiqaalfqyn5lri2cwxj2ywwhtmvl63b64gs6vz62nlzutvta","virtual_router_ip":"10.3.2.1","virtual_router_mac":"00:00:17:0B:A7:9B"},"sensitive_attributes":[],"private":"eyJlMmJmYjczMC1lY2FhLTExZTYtOGY4OC0zNDM2M2JjN2M0YzAiOnsiY3JlYXRlIjoxMjAwMDAwMDAwMDAwLCJkZWxldGUiOjEyMDAwMDAwMDAwMDAsInVwZGF0ZSI6MTIwMDAwMDAwMDAwMH19","dependencies":["module.workload_z.oci_core_vcn.this"]}]},{"module":"module.workload_z","mode":"managed","type":"oci_core_subnet","name":"web","provider":"provider[\"registry.opentofu.org/oracle/oci\"]","instances":[{"schema_version":0,"attributes":{"availability_domain":null,"cidr_block":"10.3.1.0/24","compartment_id":"ocid1.compartment.oc1..aaaaaaaawtz5rnohfxwdtcgwfy3yfhfdiuqk2l52qjjv3rjnzqvfdfiewilq","defined_tags":{"Oracle-Tags.CreatedBy":"default/roarior_jeremysoo@hotmail.com","Oracle-Tags.CreatedOn":"2026-03-23T11:02:16.793Z"},"dhcp_options_id":"ocid1.dhcpoptions.oc1.ap-singapore-1.aaaaaaaaj7h4qqbmyhg54iypoq4kgcx5japt4zp7uw6te5ycai7r7kpcxkca","display_name":"workload-z-vcn-web","dns_label":null,"freeform_tags":{},"id":"ocid1.subnet.oc1.ap-singapore-1.aaaaaaaaxdcqui2lgivdz3gyzt2tkf6ly2i5aksvkdzjscyjqtwsfx2lwglq","ipv6cidr_block":null,"ipv6cidr_blocks":[],"ipv6virtual_router_ip":null,"prohibit_internet_ingress":false,"prohibit_public_ip_on_vnic":false,"route_table_id":"ocid1.routetable.oc1.ap-singapore-1.aaaaaaaa53krd6itsc7tnl76r3qiodopmx45xpc2hewxcq3pzwqnerrwvssa","security_list_ids":["ocid1.securitylist.oc1.ap-singapore-1.aaaaaaaabzmoexrpiwjfaeb5unmmmxxbwuomsfdpfenrwlyxdhch64stfrrq"],"state":"AVAILABLE","subnet_domain_name":null,"time_created":"2026-03-23 11:02:16.827 +0000 UTC","timeouts":null,"vcn_id":"ocid1.vcn.oc1.ap-singapore-1.amaaaaaabtwqiiqaalfqyn5lri2cwxj2ywwhtmvl63b64gs6vz62nlzutvta","virtual_router_ip":"10.3.1.1","virtual_router_mac":"00:00:17:0B:A7:9B"},"sensitive_attributes":[],"private":"eyJlMmJmYjczMC1lY2FhLTExZTYtOGY4OC0zNDM2M2JjN2M0YzAiOnsiY3JlYXRlIjoxMjAwMDAwMDAwMDAwLCJkZWxldGUiOjEyMDAwMDAwMDAwMDAsInVwZGF0ZSI6MTIwMDAwMDAwMDAwMH19","dependencies":["module.workload_z.oci_core_vcn.this"]}]},{"module":"module.workload_z","mode":"managed","type":"oci_core_vcn","name":"this","provider":"provider[\"registry.opentofu.org/oracle/oci\"]","instances":[{"schema_version":0,"attributes":{"byoipv6cidr_blocks":[],"byoipv6cidr_details":null,"cidr_block":"10.3.0.0/16","cidr_blocks":["10.3.0.0/16"],"compartment_id":"ocid1.compartment.oc1..aaaaaaaawtz5rnohfxwdtcgwfy3yfhfdiuqk2l52qjjv3rjnzqvfdfiewilq","default_dhcp_options_id":"ocid1.dhcpoptions.oc1.ap-singapore-1.aaaaaaaaj7h4qqbmyhg54iypoq4kgcx5japt4zp7uw6te5ycai7r7kpcxkca","default_route_table_id":"ocid1.routetable.oc1.ap-singapore-1.aaaaaaaa53krd6itsc7tnl76r3qiodopmx45xpc2hewxcq3pzwqnerrwvssa","default_security_list_id":"ocid1.securitylist.oc1.ap-singapore-1.aaaaaaaabzmoexrpiwjfaeb5unmmmxxbwuomsfdpfenrwlyxdhch64stfrrq","defined_tags":{"Oracle-Tags.CreatedBy":"default/roarior_jeremysoo@hotmail.com","Oracle-Tags.CreatedOn":"2026-03-23T11:02:15.995Z"},"display_name":"workload-z-vcn","dns_label":null,"freeform_tags":{},"id":"ocid1.vcn.oc1.ap-singapore-1.amaaaaaabtwqiiqaalfqyn5lri2cwxj2ywwhtmvl63b64gs6vz62nlzutvta","ipv6cidr_blocks":[],"ipv6private_cidr_blocks":[],"is_ipv6enabled":false,"is_oracle_gua_allocation_enabled":null,"state":"AVAILABLE","time_created":"2026-03-23 11:02:16.414 +0000 UTC","timeouts":null,"vcn_domain_name":null},"sensitive_attributes":[],"private":"eyJlMmJmYjczMC1lY2FhLTExZTYtOGY4OC0zNDM2M2JjN2M0YzAiOnsiY3JlYXRlIjoxMjAwMDAwMDAwMDAwLCJkZWxldGUiOjEyMDAwMDAwMDAwMDAsInVwZGF0ZSI6MTIwMDAwMDAwMDAwMH19"}]}],"check_results":null}
